
Microsoft Visual Studio Solution File, Format Version 12.00
# Visual Studio Version 17
VisualStudioVersion = 17.14.36221.1
MinimumVisualStudioVersion = 10.0.40219.1
Project("{E53339B2-1760-4266-BCC7-CA923CBCF16C}") = "docker-compose", "docker-compose.dcproj", "{81DDED9D-158B-E303-5F62-77A2896D2A5A}"
EndProject
Project("{2150E333-8FDC-42A3-9474-1A3956D46DE8}") = "_Tests", "_Tests", "{36D591C7-65C7-A0D1-1CBC-10CDE441BDC8}"
EndProject
Project("{FAE04EC0-301F-11D3-BF4B-00C04F79EFBC}") = "PetFamily.Domain.UnitTests", "tests\PetFamily.Domain.UnitTests\PetFamily.Domain.UnitTests.csproj", "{93B64294-F19D-6E16-5860-E96ABC38FADF}"
EndProject
Project("{FAE04EC0-301F-11D3-BF4B-00C04F79EFBC}") = "PetFamily.Application.UnitTests", "tests\PetFamily.Application.UnitTests\PetFamily.Application.UnitTests.csproj", "{7057300E-EE1D-8B94-1617-F5FBA46240E3}"
EndProject
Project("{FAE04EC0-301F-11D3-BF4B-00C04F79EFBC}") = "PetFamily.IntegrationTests", "tests\PetFamily.IntegrationTests\PetFamily.IntegrationTests.csproj", "{6D2DF906-42E7-499C-8A47-4F7E8DA36967}"
EndProject
Project("{FAE04EC0-301F-11D3-BF4B-00C04F79EFBC}") = "PetFamily.Accounts.Infrastructure", "src\Accounts\PetFamily.Accounts.Infrastructure\PetFamily.Accounts.Infrastructure.csproj", "{3612B5A2-9D0D-54E0-85C9-153563282252}"
EndProject
Project("{FAE04EC0-301F-11D3-BF4B-00C04F79EFBC}") = "PetFamily.Accounts.Application", "src\Accounts\PetFamily.Accounts.Application\PetFamily.Accounts.Application.csproj", "{D417EAB1-B005-48DE-95C4-5BB4DDE2BAFA}"
EndProject
Project("{FAE04EC0-301F-11D3-BF4B-00C04F79EFBC}") = "PetFamily.Accounts.Domain", "src\Accounts\PetFamily.Accounts.Domain\PetFamily.Accounts.Domain.csproj", "{AA51A8F8-CE68-4097-9627-A4C605C9A2DF}"
EndProject
Project("{FAE04EC0-301F-11D3-BF4B-00C04F79EFBC}") = "PetFamily.Volunteers.Domain", "src\Volunteers\PetFamily.Volunteers.Domain\PetFamily.Volunteers.Domain.csproj", "{241EF85E-BA12-4C70-BCE3-714E0FAEEE61}"
EndProject
Project("{FAE04EC0-301F-11D3-BF4B-00C04F79EFBC}") = "PetFamily.Volunteers.Infrastructure", "src\Volunteers\PetFamily.Volunteers.Infrastructure\PetFamily.Volunteers.Infrastructure.csproj", "{629F0D40-8E78-42FA-89E1-3499CB927F5B}"
EndProject
Project("{FAE04EC0-301F-11D3-BF4B-00C04F79EFBC}") = "PetFamily.Volunteers.Application", "src\Volunteers\PetFamily.Volunteers.Application\PetFamily.Volunteers.Application.csproj", "{F9F4F5DD-FCC2-499D-9787-6B073CEA90E3}"
EndProject
Project("{2150E333-8FDC-42A3-9474-1A3956D46DE8}") = "Accounts", "Accounts", "{CDE1E2FE-9DC5-4CA1-AD4E-0728B3CAEFAB}"
EndProject
Project("{FAE04EC0-301F-11D3-BF4B-00C04F79EFBC}") = "PetFamily.Accounts.Contracts", "src\Accounts\PetFamily.Accounts.Contracts\PetFamily.Accounts.Contracts.csproj", "{DD7FBDA3-C61D-45D8-B58F-0EA6C0CE0F1E}"
EndProject
Project("{FAE04EC0-301F-11D3-BF4B-00C04F79EFBC}") = "PetFamily.Accounts.Presentation", "src\Accounts\PetFamily.Accounts.Presentation\PetFamily.Accounts.Presentation.csproj", "{96497477-AA15-3EF6-104F-2254CD2B3A14}"
EndProject
Project("{FAE04EC0-301F-11D3-BF4B-00C04F79EFBC}") = "PetFamily.Web", "src\PetFamily.Web\PetFamily.Web.csproj", "{A71CA0F7-E6F2-12A6-ECE2-767534855FF7}"
EndProject
Project("{2150E333-8FDC-42A3-9474-1A3956D46DE8}") = "Volunteers", "Volunteers", "{20002227-9092-477F-9734-76F952B0399C}"
EndProject
Project("{FAE04EC0-301F-11D3-BF4B-00C04F79EFBC}") = "PetFamily.Volunteers.Presentation", "src\Volunteers\PetFamily.Volunteers.Presentation\PetFamily.Volunteers.Presentation.csproj", "{C49AC90F-2F5C-5D9B-75F1-129E390663E8}"
EndProject
Project("{2150E333-8FDC-42A3-9474-1A3956D46DE8}") = "Shared", "Shared", "{21B20D64-C7A0-4B71-9EDB-0DFD013C3723}"
EndProject
Project("{FAE04EC0-301F-11D3-BF4B-00C04F79EFBC}") = "PetFamily.SharedKernel", "src\Shared\PetFamily.SharedKernel\PetFamily.SharedKernel.csproj", "{8E3F8969-BA12-4D2E-BFC4-E5A7DBB00024}"
EndProject
Project("{FAE04EC0-301F-11D3-BF4B-00C04F79EFBC}") = "PetFamily.Core", "src\Shared\PetFamily.Core\PetFamily.Core.csproj", "{F7308604-04B1-4900-03B4-07A7FC75E194}"
EndProject
Project("{FAE04EC0-301F-11D3-BF4B-00C04F79EFBC}") = "PetFamily.Framework", "src\Shared\PetFamily.Framework\PetFamily.Framework.csproj", "{D0E90305-BDEC-4076-87C8-3959C0A7A72E}"
EndProject
Project("{2150E333-8FDC-42A3-9474-1A3956D46DE8}") = "Specieses", "Specieses", "{39328750-B5C2-4082-B326-5972CF391A4F}"
EndProject
Project("{FAE04EC0-301F-11D3-BF4B-00C04F79EFBC}") = "PetFamily.Specieses.Application", "src\Specieses\PetFamily.Specieses.Application\PetFamily.Specieses.Application.csproj", "{6C859D1A-5DB1-F888-2BA9-D0F9FE4CAD28}"
EndProject
Project("{FAE04EC0-301F-11D3-BF4B-00C04F79EFBC}") = "PetFamily.Specieses.Domain", "src\Specieses\PetFamily.Specieses.Domain\PetFamily.Specieses.Domain.csproj", "{EC342676-8388-0288-7249-FFA5D2DCA33D}"
EndProject
Project("{FAE04EC0-301F-11D3-BF4B-00C04F79EFBC}") = "PetFamily.Specieses.Infrastructure", "src\Specieses\PetFamily.Specieses.Infrastructure\PetFamily.Specieses.Infrastructure.csproj", "{AA82B9BE-790B-3D72-5F97-352C78F99F3E}"
EndProject
Project("{FAE04EC0-301F-11D3-BF4B-00C04F79EFBC}") = "PetFamily.Specieses.Presentation", "src\Specieses\PetFamily.Specieses.Presentation\PetFamily.Specieses.Presentation.csproj", "{0D4282D3-365B-0E55-6BA0-2699E3FF7B12}"
EndProject
Project("{FAE04EC0-301F-11D3-BF4B-00C04F79EFBC}") = "PetFamily.Specieses.Contracts", "src\Specieses\PetFamily.Specieses.Contracts\PetFamily.Specieses.Contracts.csproj", "{73FBDE3D-37D6-44AF-9508-4F0D3AD6F587}"
EndProject
Project("{FAE04EC0-301F-11D3-BF4B-00C04F79EFBC}") = "PetFamily.Volunteers.Contracts", "src\Volunteers\PetFamily.Volunteers.Contracts\PetFamily.Volunteers.Contracts.csproj", "{B833E2E2-4712-2058-1B4B-C50515F70BCA}"
EndProject
Global
	GlobalSection(SolutionConfigurationPlatforms) = preSolution
		Debug|Any CPU = Debug|Any CPU
		Release|Any CPU = Release|Any CPU
	EndGlobalSection
	GlobalSection(ProjectConfigurationPlatforms) = postSolution
		{81DDED9D-158B-E303-5F62-77A2896D2A5A}.Debug|Any CPU.ActiveCfg = Debug|Any CPU
		{81DDED9D-158B-E303-5F62-77A2896D2A5A}.Debug|Any CPU.Build.0 = Debug|Any CPU
		{81DDED9D-158B-E303-5F62-77A2896D2A5A}.Release|Any CPU.ActiveCfg = Release|Any CPU
		{81DDED9D-158B-E303-5F62-77A2896D2A5A}.Release|Any CPU.Build.0 = Release|Any CPU
		{93B64294-F19D-6E16-5860-E96ABC38FADF}.Debug|Any CPU.ActiveCfg = Debug|Any CPU
		{93B64294-F19D-6E16-5860-E96ABC38FADF}.Debug|Any CPU.Build.0 = Debug|Any CPU
		{93B64294-F19D-6E16-5860-E96ABC38FADF}.Release|Any CPU.ActiveCfg = Release|Any CPU
		{93B64294-F19D-6E16-5860-E96ABC38FADF}.Release|Any CPU.Build.0 = Release|Any CPU
		{7057300E-EE1D-8B94-1617-F5FBA46240E3}.Debug|Any CPU.ActiveCfg = Debug|Any CPU
		{7057300E-EE1D-8B94-1617-F5FBA46240E3}.Debug|Any CPU.Build.0 = Debug|Any CPU
		{7057300E-EE1D-8B94-1617-F5FBA46240E3}.Release|Any CPU.ActiveCfg = Release|Any CPU
		{7057300E-EE1D-8B94-1617-F5FBA46240E3}.Release|Any CPU.Build.0 = Release|Any CPU
		{6D2DF906-42E7-499C-8A47-4F7E8DA36967}.Debug|Any CPU.ActiveCfg = Debug|Any CPU
		{6D2DF906-42E7-499C-8A47-4F7E8DA36967}.Debug|Any CPU.Build.0 = Debug|Any CPU
		{6D2DF906-42E7-499C-8A47-4F7E8DA36967}.Release|Any CPU.ActiveCfg = Release|Any CPU
		{6D2DF906-42E7-499C-8A47-4F7E8DA36967}.Release|Any CPU.Build.0 = Release|Any CPU
		{3612B5A2-9D0D-54E0-85C9-153563282252}.Debug|Any CPU.ActiveCfg = Debug|Any CPU
		{3612B5A2-9D0D-54E0-85C9-153563282252}.Debug|Any CPU.Build.0 = Debug|Any CPU
		{3612B5A2-9D0D-54E0-85C9-153563282252}.Release|Any CPU.ActiveCfg = Release|Any CPU
		{3612B5A2-9D0D-54E0-85C9-153563282252}.Release|Any CPU.Build.0 = Release|Any CPU
		{D417EAB1-B005-48DE-95C4-5BB4DDE2BAFA}.Debug|Any CPU.ActiveCfg = Debug|Any CPU
		{D417EAB1-B005-48DE-95C4-5BB4DDE2BAFA}.Debug|Any CPU.Build.0 = Debug|Any CPU
		{D417EAB1-B005-48DE-95C4-5BB4DDE2BAFA}.Release|Any CPU.ActiveCfg = Release|Any CPU
		{D417EAB1-B005-48DE-95C4-5BB4DDE2BAFA}.Release|Any CPU.Build.0 = Release|Any CPU
		{AA51A8F8-CE68-4097-9627-A4C605C9A2DF}.Debug|Any CPU.ActiveCfg = Debug|Any CPU
		{AA51A8F8-CE68-4097-9627-A4C605C9A2DF}.Debug|Any CPU.Build.0 = Debug|Any CPU
		{AA51A8F8-CE68-4097-9627-A4C605C9A2DF}.Release|Any CPU.ActiveCfg = Release|Any CPU
		{AA51A8F8-CE68-4097-9627-A4C605C9A2DF}.Release|Any CPU.Build.0 = Release|Any CPU
		{241EF85E-BA12-4C70-BCE3-714E0FAEEE61}.Debug|Any CPU.ActiveCfg = Debug|Any CPU
		{241EF85E-BA12-4C70-BCE3-714E0FAEEE61}.Debug|Any CPU.Build.0 = Debug|Any CPU
		{241EF85E-BA12-4C70-BCE3-714E0FAEEE61}.Release|Any CPU.ActiveCfg = Release|Any CPU
		{241EF85E-BA12-4C70-BCE3-714E0FAEEE61}.Release|Any CPU.Build.0 = Release|Any CPU
		{629F0D40-8E78-42FA-89E1-3499CB927F5B}.Debug|Any CPU.ActiveCfg = Debug|Any CPU
		{629F0D40-8E78-42FA-89E1-3499CB927F5B}.Debug|Any CPU.Build.0 = Debug|Any CPU
		{629F0D40-8E78-42FA-89E1-3499CB927F5B}.Release|Any CPU.ActiveCfg = Release|Any CPU
		{629F0D40-8E78-42FA-89E1-3499CB927F5B}.Release|Any CPU.Build.0 = Release|Any CPU
		{F9F4F5DD-FCC2-499D-9787-6B073CEA90E3}.Debug|Any CPU.ActiveCfg = Debug|Any CPU
		{F9F4F5DD-FCC2-499D-9787-6B073CEA90E3}.Debug|Any CPU.Build.0 = Debug|Any CPU
		{F9F4F5DD-FCC2-499D-9787-6B073CEA90E3}.Release|Any CPU.ActiveCfg = Release|Any CPU
		{F9F4F5DD-FCC2-499D-9787-6B073CEA90E3}.Release|Any CPU.Build.0 = Release|Any CPU
		{DD7FBDA3-C61D-45D8-B58F-0EA6C0CE0F1E}.Debug|Any CPU.ActiveCfg = Debug|Any CPU
		{DD7FBDA3-C61D-45D8-B58F-0EA6C0CE0F1E}.Debug|Any CPU.Build.0 = Debug|Any CPU
		{DD7FBDA3-C61D-45D8-B58F-0EA6C0CE0F1E}.Release|Any CPU.ActiveCfg = Release|Any CPU
		{DD7FBDA3-C61D-45D8-B58F-0EA6C0CE0F1E}.Release|Any CPU.Build.0 = Release|Any CPU
		{96497477-AA15-3EF6-104F-2254CD2B3A14}.Debug|Any CPU.ActiveCfg = Debug|Any CPU
		{96497477-AA15-3EF6-104F-2254CD2B3A14}.Debug|Any CPU.Build.0 = Debug|Any CPU
		{96497477-AA15-3EF6-104F-2254CD2B3A14}.Release|Any CPU.ActiveCfg = Release|Any CPU
		{96497477-AA15-3EF6-104F-2254CD2B3A14}.Release|Any CPU.Build.0 = Release|Any CPU
		{A71CA0F7-E6F2-12A6-ECE2-767534855FF7}.Debug|Any CPU.ActiveCfg = Debug|Any CPU
		{A71CA0F7-E6F2-12A6-ECE2-767534855FF7}.Debug|Any CPU.Build.0 = Debug|Any CPU
		{A71CA0F7-E6F2-12A6-ECE2-767534855FF7}.Release|Any CPU.ActiveCfg = Release|Any CPU
		{A71CA0F7-E6F2-12A6-ECE2-767534855FF7}.Release|Any CPU.Build.0 = Release|Any CPU
		{C49AC90F-2F5C-5D9B-75F1-129E390663E8}.Debug|Any CPU.ActiveCfg = Debug|Any CPU
		{C49AC90F-2F5C-5D9B-75F1-129E390663E8}.Debug|Any CPU.Build.0 = Debug|Any CPU
		{C49AC90F-2F5C-5D9B-75F1-129E390663E8}.Release|Any CPU.ActiveCfg = Release|Any CPU
		{C49AC90F-2F5C-5D9B-75F1-129E390663E8}.Release|Any CPU.Build.0 = Release|Any CPU
		{8E3F8969-BA12-4D2E-BFC4-E5A7DBB00024}.Debug|Any CPU.ActiveCfg = Debug|Any CPU
		{8E3F8969-BA12-4D2E-BFC4-E5A7DBB00024}.Debug|Any CPU.Build.0 = Debug|Any CPU
		{8E3F8969-BA12-4D2E-BFC4-E5A7DBB00024}.Release|Any CPU.ActiveCfg = Release|Any CPU
		{8E3F8969-BA12-4D2E-BFC4-E5A7DBB00024}.Release|Any CPU.Build.0 = Release|Any CPU
		{F7308604-04B1-4900-03B4-07A7FC75E194}.Debug|Any CPU.ActiveCfg = Debug|Any CPU
		{F7308604-04B1-4900-03B4-07A7FC75E194}.Debug|Any CPU.Build.0 = Debug|Any CPU
		{F7308604-04B1-4900-03B4-07A7FC75E194}.Release|Any CPU.ActiveCfg = Release|Any CPU
		{F7308604-04B1-4900-03B4-07A7FC75E194}.Release|Any CPU.Build.0 = Release|Any CPU
		{D0E90305-BDEC-4076-87C8-3959C0A7A72E}.Debug|Any CPU.ActiveCfg = Debug|Any CPU
		{D0E90305-BDEC-4076-87C8-3959C0A7A72E}.Debug|Any CPU.Build.0 = Debug|Any CPU
		{D0E90305-BDEC-4076-87C8-3959C0A7A72E}.Release|Any CPU.ActiveCfg = Release|Any CPU
		{D0E90305-BDEC-4076-87C8-3959C0A7A72E}.Release|Any CPU.Build.0 = Release|Any CPU
		{6C859D1A-5DB1-F888-2BA9-D0F9FE4CAD28}.Debug|Any CPU.ActiveCfg = Debug|Any CPU
		{6C859D1A-5DB1-F888-2BA9-D0F9FE4CAD28}.Debug|Any CPU.Build.0 = Debug|Any CPU
		{6C859D1A-5DB1-F888-2BA9-D0F9FE4CAD28}.Release|Any CPU.ActiveCfg = Release|Any CPU
		{6C859D1A-5DB1-F888-2BA9-D0F9FE4CAD28}.Release|Any CPU.Build.0 = Release|Any CPU
		{EC342676-8388-0288-7249-FFA5D2DCA33D}.Debug|Any CPU.ActiveCfg = Debug|Any CPU
		{EC342676-8388-0288-7249-FFA5D2DCA33D}.Debug|Any CPU.Build.0 = Debug|Any CPU
		{EC342676-8388-0288-7249-FFA5D2DCA33D}.Release|Any CPU.ActiveCfg = Release|Any CPU
		{EC342676-8388-0288-7249-FFA5D2DCA33D}.Release|Any CPU.Build.0 = Release|Any CPU
		{AA82B9BE-790B-3D72-5F97-352C78F99F3E}.Debug|Any CPU.ActiveCfg = Debug|Any CPU
		{AA82B9BE-790B-3D72-5F97-352C78F99F3E}.Debug|Any CPU.Build.0 = Debug|Any CPU
		{AA82B9BE-790B-3D72-5F97-352C78F99F3E}.Release|Any CPU.ActiveCfg = Release|Any CPU
		{AA82B9BE-790B-3D72-5F97-352C78F99F3E}.Release|Any CPU.Build.0 = Release|Any CPU
		{0D4282D3-365B-0E55-6BA0-2699E3FF7B12}.Debug|Any CPU.ActiveCfg = Debug|Any CPU
		{0D4282D3-365B-0E55-6BA0-2699E3FF7B12}.Debug|Any CPU.Build.0 = Debug|Any CPU
		{0D4282D3-365B-0E55-6BA0-2699E3FF7B12}.Release|Any CPU.ActiveCfg = Release|Any CPU
		{0D4282D3-365B-0E55-6BA0-2699E3FF7B12}.Release|Any CPU.Build.0 = Release|Any CPU
		{73FBDE3D-37D6-44AF-9508-4F0D3AD6F587}.Debug|Any CPU.ActiveCfg = Debug|Any CPU
		{73FBDE3D-37D6-44AF-9508-4F0D3AD6F587}.Debug|Any CPU.Build.0 = Debug|Any CPU
		{73FBDE3D-37D6-44AF-9508-4F0D3AD6F587}.Release|Any CPU.ActiveCfg = Release|Any CPU
		{73FBDE3D-37D6-44AF-9508-4F0D3AD6F587}.Release|Any CPU.Build.0 = Release|Any CPU
		{B833E2E2-4712-2058-1B4B-C50515F70BCA}.Debug|Any CPU.ActiveCfg = Debug|Any CPU
		{B833E2E2-4712-2058-1B4B-C50515F70BCA}.Debug|Any CPU.Build.0 = Debug|Any CPU
		{B833E2E2-4712-2058-1B4B-C50515F70BCA}.Release|Any CPU.ActiveCfg = Release|Any CPU
		{B833E2E2-4712-2058-1B4B-C50515F70BCA}.Release|Any CPU.Build.0 = Release|Any CPU
	EndGlobalSection
	GlobalSection(SolutionProperties) = preSolution
		HideSolutionNode = FALSE
	EndGlobalSection
	GlobalSection(NestedProjects) = preSolution
		{93B64294-F19D-6E16-5860-E96ABC38FADF} = {36D591C7-65C7-A0D1-1CBC-10CDE441BDC8}
		{7057300E-EE1D-8B94-1617-F5FBA46240E3} = {36D591C7-65C7-A0D1-1CBC-10CDE441BDC8}
		{6D2DF906-42E7-499C-8A47-4F7E8DA36967} = {36D591C7-65C7-A0D1-1CBC-10CDE441BDC8}
		{3612B5A2-9D0D-54E0-85C9-153563282252} = {CDE1E2FE-9DC5-4CA1-AD4E-0728B3CAEFAB}
		{D417EAB1-B005-48DE-95C4-5BB4DDE2BAFA} = {CDE1E2FE-9DC5-4CA1-AD4E-0728B3CAEFAB}
		{AA51A8F8-CE68-4097-9627-A4C605C9A2DF} = {CDE1E2FE-9DC5-4CA1-AD4E-0728B3CAEFAB}
		{241EF85E-BA12-4C70-BCE3-714E0FAEEE61} = {20002227-9092-477F-9734-76F952B0399C}
		{629F0D40-8E78-42FA-89E1-3499CB927F5B} = {20002227-9092-477F-9734-76F952B0399C}
		{F9F4F5DD-FCC2-499D-9787-6B073CEA90E3} = {20002227-9092-477F-9734-76F952B0399C}
		{DD7FBDA3-C61D-45D8-B58F-0EA6C0CE0F1E} = {CDE1E2FE-9DC5-4CA1-AD4E-0728B3CAEFAB}
		{96497477-AA15-3EF6-104F-2254CD2B3A14} = {CDE1E2FE-9DC5-4CA1-AD4E-0728B3CAEFAB}
		{C49AC90F-2F5C-5D9B-75F1-129E390663E8} = {20002227-9092-477F-9734-76F952B0399C}
		{8E3F8969-BA12-4D2E-BFC4-E5A7DBB00024} = {21B20D64-C7A0-4B71-9EDB-0DFD013C3723}
		{F7308604-04B1-4900-03B4-07A7FC75E194} = {21B20D64-C7A0-4B71-9EDB-0DFD013C3723}
		{D0E90305-BDEC-4076-87C8-3959C0A7A72E} = {21B20D64-C7A0-4B71-9EDB-0DFD013C3723}
		{6C859D1A-5DB1-F888-2BA9-D0F9FE4CAD28} = {39328750-B5C2-4082-B326-5972CF391A4F}
		{EC342676-8388-0288-7249-FFA5D2DCA33D} = {39328750-B5C2-4082-B326-5972CF391A4F}
		{AA82B9BE-790B-3D72-5F97-352C78F99F3E} = {39328750-B5C2-4082-B326-5972CF391A4F}
		{0D4282D3-365B-0E55-6BA0-2699E3FF7B12} = {39328750-B5C2-4082-B326-5972CF391A4F}
		{73FBDE3D-37D6-44AF-9508-4F0D3AD6F587} = {39328750-B5C2-4082-B326-5972CF391A4F}
		{B833E2E2-4712-2058-1B4B-C50515F70BCA} = {20002227-9092-477F-9734-76F952B0399C}
	EndGlobalSection
	GlobalSection(ExtensibilityGlobals) = postSolution
		SolutionGuid = {5CEAF2AF-4272-42F9-BAD4-BB51AAF7CEB1}
	EndGlobalSection
EndGlobal
